
Microsoft Visual Studio Solution File, Format Version 12.00
# Visual Studio Version 17
VisualStudioVersion = 17.14.36811.4 d17.14
MinimumVisualStudioVersion = 10.0.40219.1
Project("{FAE04EC0-301F-11D3-BF4B-00C04F79EFBC}") = "Barfila", "Barfila\Barfila.csproj", "{D7059A1E-DFE2-44B4-95B3-7C0338534AD5}"
EndProject
Global
	GlobalSection(SolutionConfigurationPlatforms) = preSolution
		Debug|Any CPU = Debug|Any CPU
		Release|Any CPU = Release|Any CPU
	EndGlobalSection
	GlobalSection(ProjectConfigurationPlatforms) = postSolution
		{D7059A1E-DFE2-44B4-95B3-7C0338534AD5}.Debug|Any CPU.ActiveCfg = Debug|Any CPU
		{D7059A1E-DFE2-44B4-95B3-7C0338534AD5}.Debug|Any CPU.Build.0 = Debug|Any CPU
		{D7059A1E-DFE2-44B4-95B3-7C0338534AD5}.Release|Any CPU.ActiveCfg = Release|Any CPU
		{D7059A1E-DFE2-44B4-95B3-7C0338534AD5}.Release|Any CPU.Build.0 = Release|Any CPU
	EndGlobalSection
	GlobalSection(SolutionProperties) = preSolution
		HideSolutionNode = FALSE
	EndGlobalSection
	GlobalSection(ExtensibilityGlobals) = postSolution
		SolutionGuid = {231E5D60-8266-4BF3-8D2E-5813F0A72323}
	EndGlobalSection
EndGlobal
