
Microsoft Visual Studio Solution File, Format Version 12.00
# Visual Studio Version 17
VisualStudioVersion = 17.14.36811.4
MinimumVisualStudioVersion = 10.0.40219.1
Project("{FAE04EC0-301F-11D3-BF4B-00C04F79EFBC}") = "Barfila", "Barfila\Barfila.csproj", "{D7059A1E-DFE2-44B4-95B3-7C0338534AD5}"
EndProject
Project("{FAE04EC0-301F-11D3-BF4B-00C04F79EFBC}") = "Domain", "Domain\Domain.csproj", "{28F6CED0-92B3-43BB-8AC1-411379451694}"
EndProject
Project("{FAE04EC0-301F-11D3-BF4B-00C04F79EFBC}") = "Application", "Application\Application.csproj", "{DD1734F1-D47E-4ADD-A17F-1DE27210A551}"
EndProject
Project("{FAE04EC0-301F-11D3-BF4B-00C04F79EFBC}") = "Infrastructure", "Infrastructure\Infrastructure.csproj", "{6D9C2843-0D93-4787-B134-348FC9EB1FD1}"
EndProject
Project("{2150E333-8FDC-42A3-9474-1A3956D46DE8}") = "Docker", "Docker", "{D107F4C8-89CC-BEA8-D3D7-CA6B7733353D}"
	ProjectSection(SolutionItems) = preProject
		docker-compose.yml = docker-compose.yml
		Dockerfile.txt = Dockerfile.txt
	EndProjectSection
EndProject
Global
	GlobalSection(SolutionConfigurationPlatforms) = preSolution
		Debug|Any CPU = Debug|Any CPU
		Release|Any CPU = Release|Any CPU
	EndGlobalSection
	GlobalSection(ProjectConfigurationPlatforms) = postSolution
		{D7059A1E-DFE2-44B4-95B3-7C0338534AD5}.Debug|Any CPU.ActiveCfg = Debug|Any CPU
		{D7059A1E-DFE2-44B4-95B3-7C0338534AD5}.Debug|Any CPU.Build.0 = Debug|Any CPU
		{D7059A1E-DFE2-44B4-95B3-7C0338534AD5}.Release|Any CPU.ActiveCfg = Release|Any CPU
		{D7059A1E-DFE2-44B4-95B3-7C0338534AD5}.Release|Any CPU.Build.0 = Release|Any CPU
		{28F6CED0-92B3-43BB-8AC1-411379451694}.Debug|Any CPU.ActiveCfg = Debug|Any CPU
		{28F6CED0-92B3-43BB-8AC1-411379451694}.Debug|Any CPU.Build.0 = Debug|Any CPU
		{28F6CED0-92B3-43BB-8AC1-411379451694}.Release|Any CPU.ActiveCfg = Release|Any CPU
		{28F6CED0-92B3-43BB-8AC1-411379451694}.Release|Any CPU.Build.0 = Release|Any CPU
		{DD1734F1-D47E-4ADD-A17F-1DE27210A551}.Debug|Any CPU.ActiveCfg = Debug|Any CPU
		{DD1734F1-D47E-4ADD-A17F-1DE27210A551}.Debug|Any CPU.Build.0 = Debug|Any CPU
		{DD1734F1-D47E-4ADD-A17F-1DE27210A551}.Release|Any CPU.ActiveCfg = Release|Any CPU
		{DD1734F1-D47E-4ADD-A17F-1DE27210A551}.Release|Any CPU.Build.0 = Release|Any CPU
		{6D9C2843-0D93-4787-B134-348FC9EB1FD1}.Debug|Any CPU.ActiveCfg = Debug|Any CPU
		{6D9C2843-0D93-4787-B134-348FC9EB1FD1}.Debug|Any CPU.Build.0 = Debug|Any CPU
		{6D9C2843-0D93-4787-B134-348FC9EB1FD1}.Release|Any CPU.ActiveCfg = Release|Any CPU
		{6D9C2843-0D93-4787-B134-348FC9EB1FD1}.Release|Any CPU.Build.0 = Release|Any CPU
	EndGlobalSection
	GlobalSection(SolutionProperties) = preSolution
		HideSolutionNode = FALSE
	EndGlobalSection
	GlobalSection(ExtensibilityGlobals) = postSolution
		SolutionGuid = {231E5D60-8266-4BF3-8D2E-5813F0A72323}
	EndGlobalSection
EndGlobal
